github.com/BurntSushi/toml v1.0.0 h1:dtDWrepsVPfW9H/4y7dDgFc2MBUSeJhlaDtK13CxFlU=
github.com/BurntSushi/toml v1.0.0/go.mod h1:CxXYINrC8qIiEnFrOxCa7Jy5BFHlXnUU2pbicEuybxQ=
github.com/aws/aws-sdk-go-v2 v1.14.0 h1:IzSYBJHu0ZdUi27kIW6xVrs0eSxI4AzwbenzfXhhVs4=
github.com/aws/aws-sdk-go-v2 v1.14.0/go.mod h1:ZA3Y8V0LrlWj63MQAnRHgKf/5QB//LSZCPNWlWrNGLU=
github.com/aws/aws-sdk-go-v2/aws/protocol/eventstream v1.3.0 h1:bvPWVPRI6ZvziAbBR1OUSqErPxJzDkXTrZPN+UMMbjg=
github.com/aws/aws-sdk-go-v2/aws/protocol/eventstream v1.3.0/go.mod h1:bzV23FofBz0AUG8X+eIVB1cGQOoJ8XnH0Vkn3qefE9Q=
github.com/aws/aws-sdk-go-v2/credentials v1.9.0 h1:R3Q5s1uGLUg0aUzi+oRaUqRXhd17G/9+PiVnAwXp4sY=
github.com/aws/aws-sdk-go-v2/credentials v1.9.0/go.mod h1:PyHKqk/+tJuDY7T8R580S1j/AcSD+ODeUZ99CAUKLqQ=
github.com/aws/aws-sdk-go-v2/feature/ec2/imds v1.11.0/go.mod h1:rwdUKJV5rm+vHu1ncD1iGDqahBEL8O0tBjVqo9eO2N0=
github.com/aws/aws-sdk-go-v2/internal/configsources v1.1.5 h1:+phazLmKkjBYhFTsGYH9J7jgnA8+Aer2yE4QeS4zn6A=
github.com/aws/aws-sdk-go-v2/internal/configsources v1.1.5/go.mod h1:2hXc8ooJqF2nAznsbJQIn+7h851/bu8GVC80OVTTqf8=
github.com/aws/aws-sdk-go-v2/internal/endpoints/v2 v2.3.0 h1:PO+HNeJBeRK0yVD9CQZ+VUrYfd5sXqS7YdPYHHcDkR4=
github.com/aws/aws-sdk-go-v2/internal/endpoints/v2 v2.3.0/go.mod h1:miRSv9l093jX/t/j+mBCaLqFHo9xKYzJ7DGm1BsGoJM=
github.com/aws/aws-sdk-go-v2/service/internal/accept-encoding v1.8.0 h1:wS94St7YDmLhrPJw3mjJfCfHHOABS3G9c//mDZRzELU=
github.com/aws/aws-sdk-go-v2/service/internal/accept-encoding v1.8.0/go.mod h1:mEqrz8QJ8KnXvoSGOb7R7eoJ7nJZlaL5PPNwrJERUmg=
github.com/aws/aws-sdk-go-v2/service/internal/checksum v1.0.0 h1:3txV52X/XYOUuQcnlLUrPJiks9tth9w0SWOwZw8ec2A=
github.com/aws/aws-sdk-go-v2/service/internal/checksum v1.0.0/go.mod h1:c/EkM1w25FAbswsEVdW7FgrEnK6fyvibVOHkKydDrsU=
github.com/aws/aws-sdk-go-v2/service/internal/presigned-url v1.8.0 h1:JNMALY8/ZnFsfAzBHtC4gq8JeZPANmIoI2VaBgYzbf8=
github.com/aws/aws-sdk-go-v2/service/internal/presigned-url v1.8.0/go.mod h1:rBDLgXDAwHOfxZKLRDl8OGTPzFDC+a2pLqNNj8+QwfI=
github.com/aws/aws-sdk-go-v2/service/internal/s3shared v1.12.0 h1:Pr1wwiVtaf9OEfKyWpkedt03l8wF/w48o7t1ZUbXx5c=
github.com/aws/aws-sdk-go-v2/service/internal/s3shared v1.12.0/go.mod h1:c/5k8PAX9Xof97YwYLWRXxx8JZNawUmX4Ok+IFyUpOY=
github.com/aws/aws-sdk-go-v2/service/s3 v1.25.0 h1://FhpuofZNILvWPAzsA4ZmkO58Uz4FpvK9kWIHT+qso=
github.com/aws/aws-sdk-go-v2/service/s3 v1.25.0/go.mod h1:/uGoODN0y7QnNLU1iFIU+Lwq6c0L2auOkDeWcq3Osys=
github.com/aws/aws-sdk-go-v2/service/sso v1.10.0/go.mod h1:m1CRRFX7eH3EE6w0ntdu+lo+Ph9VS7y8qRV/vdym0ZY=
github.com/aws/aws-sdk-go-v2/service/sts v1.15.0/go.mod h1:E264g2Gl5U9KTGzmd8ypGEAoh75VmqyuA/Ox5O1eRE4=
github.com/aws/smithy-go v1.11.0 h1:nOfSDwiiH232f90OuevPnAEQO5ZqH+xnn8uGVsvBCw4=
github.com/aws/smithy-go v1.11.0/go.mod h1:3xHYmszWVx2c0kIwQeEVf9uSm4fYZt67FBJnwub1bgM=
github.com/davecgh/go-spew v1.1.0/go.mod h1:J7Y8YcW2NihsgmVo/mv3lAwl/skON4iLHjSsI+c5H38=
github.com/denisenkom/go-mssqldb v0.9.0/go.mod h1:xbL0rPBG9cCiLr28tMa8zpbdarY27NDyej4t/EjAShU=
github.com/fsnotify/fsnotify v1.5.1 h1:mZcQUHVQUQWoPXXtuf9yuEXKudkV2sx1E06UadKWpgI=
github.com/fsnotify/fsnotify v1.5.1/go.mod h1:T3375wBYaZdLLcVNkcVbzGHY7f1l/uK5T5Ai1i3InKU=
github.com/go-sql-driver/mysql v1.5.0 h1:ozyZYNQW3x3HtqT1jira07DN2PArx2v7/mN66gGcHOs=
github.com/go-sql-driver/mysql v1.5.0/go.mod h1:DCzpHaOWr8IXmIStZouvnhqoel9Qv2LBy8hT2VhHyBg=
github.com/golang-sql/civil v0.0.0-20190719163853-cb61b32ac6fe/go.mod h1:8vg3r2VgvsThLBIFL93Qb5yWzgyZWhEmBwUJWevAkK0=
github.com/golang/protobuf v1.3.1/go.mod h1:6lQm79b+lXiMfvg/cZm0SGofjICqVBUtrP5yJMmIC1U=
github.com/gomodule/redigo v2.0.0+incompatible/go.mod h1:B4C85qUVwatsJoIUNIfCRsp7qO0iAmpGFZ4EELWSbC4=
github.com/google/go-cmp v0.5.7 h1:81/ik6ipDQS2aGcBfIN5dHDB36BwrStyeAQquSYCV4o=
github.com/google/go-cmp v0.5.7/go.mod h1:n+brtR0CgQNWTVd5ZUFpTBC8YFBDLK/h/bpaJ8/DtOE=
github.com/herb-go/datasource v0.0.0-20201124135106-df914dd955dd/go.mod h1:LwVuC9ian/wLoaNe9HSrqfGsK8Y6hc6lBg3AMhD8ozk=
github.com/herb-go/datasource v0.0.0-20211122123843-a3546acd0d8d h1:FnyR7t0dmvpeZ24jldt2LwNlmqumTUNxEZlmO10Ka9M=
github.com/herb-go/datasource v0.0.0-20211122123843-a3546acd0d8d/go.mod h1:VFDCNa6YNGvEy3YPg9cBdr2aYFEQagXVXbqfU8zwzb4=
github.com/herb-go/datasource-drivers v0.0.0-20201011165914-7717acb90545 h1:WyV3ABpu5GhTxeJe2yYrCi5NZSgox4tdnfRCQiYvLBg=
github.com/herb-go/datasource-drivers v0.0.0-20201011165914-7717acb90545/go.mod h1:ANYyxzgRT+z0jfCswVTJ4bWKdT9sBsnPzASfc/YJzwE=
github.com/herb-go/deprecated v0.0.0-20211208162728-2c17daf04a11 h1:G/TtzXMPtaV/lXa9r2J9UrMVCvaMd/7foCDieAYc/Uo=
github.com/herb-go/deprecated v0.0.0-20211208162728-2c17daf04a11/go.mod h1:k28Z2bVHWkVqEngFAm0nQAIRdDCXfs+40FN7xYtHt1o=
github.com/herb-go/events v0.0.0-20201208131041-0345a1e2578a h1:P0FwnBG01w/x+Nb0NbEDMPKCO/X/6+vaJ3MjgYyIqM8=
github.com/herb-go/events v0.0.0-20201208131041-0345a1e2578a/go.mod h1:ZzP/ImyzQER+p6eBPYOZ0mbpjORKMEUx+R6JX7CPbw8=
github.com/herb-go/fetcher v0.0.0-20220216150213-9f82967c6fc0/go.mod h1:OaQ31Atp11eU+KOG6Iz0tYL6EzDGoVwNLfzUvOZCPn8=
github.com/herb-go/herb v0.0.0-20211208162721-3915598f7a40 h1:a9dfJxaycwsElHsHFPtJ5VfMxokPY8UUdCB9EeG14uM=
github.com/herb-go/herb v0.0.0-20211208162721-3915598f7a40/go.mod h1:epDwnEWl9B23uBEKz8mLk0GuHm04MSp4rnIZev0wiwA=
github.com/herb-go/herb-drivers v0.0.0-20210401170439-32eb00e8f0d5 h1:bYs8pCWVDu6lIALEQ87v+L3tX/3FVgcug4itUPtoUss=
github.com/herb-go/herb-drivers v0.0.0-20210401170439-32eb00e8f0d5/go.mod h1:LWVMZGHn4+7pXIFd30oLj36zSwLomKxWiWFsF+vY0ZQ=
github.com/herb-go/herbconfig v0.0.0-20210201131438-44d8e331b703 h1:aEnFmsx4aq/edjRn7bw58LAxR52X9oouWeEE//SgIpg=
github.com/herb-go/herbconfig v0.0.0-20210201131438-44d8e331b703/go.mod h1:Ws/99AdD6PWdGzCoVvqaPMU/qgJJxJTBykFz+20sd/E=
github.com/herb-go/herbdata v0.0.0-20211208163122-48f0cedda4b4/go.mod h1:oZik9+D5l2MMRZ1QLGvkKSFkAvCuE/kFHWV2nE7GexY=
github.com/herb-go/herbmodule-drivers v0.0.0-20211014162935-8125fc21e8d0 h1:mJHmkDEvgKam87dXvycubjS7jRNfX2ywolrVt9LhlOc=
github.com/herb-go/herbmodule-drivers v0.0.0-20211014162935-8125fc21e8d0/go.mod h1:kGFqnUOp5fE9lnr5IHIBNEaFvMDS+tdpFW/EOA+Vl9g=
github.com/herb-go/herbmodules v0.0.0-20211210142600-1d895f274e1a h1:b9xEZkfZLf3Qg1RlqiUOvcnvelnKUkl0zc6psJpXuRA=
github.com/herb-go/herbmodules v0.0.0-20211210142600-1d895f274e1a/go.mod h1:zqB9pre6E4ksoas+kUJ3uja47OEMp2HPU4gfBZFvT1o=
github.com/herb-go/herbsecurity v0.0.0-20210518130010-5aca00c8cb23 h1:zRWOZTMT2tFhuo4sN23ajj06Nyc2CvFMJgeU6gM3h5Q=
github.com/herb-go/herbsecurity v0.0.0-20210518130010-5aca00c8cb23/go.mod h1:3qTDE6F//Y8r1GnVvVZuTi3TUnRY/KbbehEJBpSt9uU=
github.com/herb-go/logger v0.0.0-20210115164802-8259bb9dcc90 h1:bgr4Q5iG44ihO3NZK109xh3QMR5+r6q2Q9hWJhvMJcU=
github.com/herb-go/logger v0.0.0-20210115164802-8259bb9dcc90/go.mod h1:Unbyc9sDRQawPLG4O6/AgqLF6/n/T7X58ft3QJOwuCI=
github.com/herb-go/misc v0.0.0-20211126182020-07f86379a857 h1:ffMPa0PMee7U+TDhacohhKmvsty5ORsYrfsL/ZMsoP8=
github.com/herb-go/misc v0.0.0-20211126182020-07f86379a857/go.mod h1:BN0WWQ5UZCd37QpMXm2qXx55Eqonjioa0eQ+VgOivsY=
github.com/herb-go/providers v0.0.0-20220301135300-9b96405a44a2 h1:04sW/pKncwj64QlljD6YmaH6of+9fUfWNVzefjaa+Yo=
github.com/herb-go/providers v0.0.0-20220301135300-9b96405a44a2/go.mod h1:faPnxQJn/Ik9AxMZsJCwReG12tu6C3vrCCJfxTZ4cDo=
github.com/herb-go/remoteprocedure v0.0.0-20210323133742-9a87fba260e8/go.mod h1:IjCxVjuBtR8T06xxL+PaHbYrB7OBXXkgHqFw1tLcULo=
github.com/herb-go/uniqueid v0.0.0-20210304163719-ac56f6357531 h1:api8pHgzqqq99X56e+80gP06jd54ARx562YoGrmRMYQ=
github.com/herb-go/uniqueid v0.0.0-20210304163719-ac56f6357531/go.mod h1:Anvh+YXng5fWGXy9Y6oWcTUUYQlXHzgeVh/0as237EM=
github.com/herb-go/util v0.0.0-20211222163651-885e0ee2aad0 h1:aVjVXPEzCR0YOJgf7v3u10X6pP5u6fh2K/17al5QpBA=
github.com/herb-go/util v0.0.0-20211222163651-885e0ee2aad0/go.mod h1:lhVdeH5IRD13aZn8ca5h6lq/ABDC9cFbfuXJfHK3oxo=
github.com/herb-go/worker v0.0.0-20210318151232-dbaf101c7d73 h1:SipUePmeYLlptd3NgikXBg8ebHEo8IZFaq91UdaiWt0=
github.com/herb-go/worker v0.0.0-20210318151232-dbaf101c7d73/go.mod h1:EuxhyAY14GgxIAKMDACoGzel9Of+11mDhWGrl7fkbQo=
github.com/jmespath/go-jmespath v0.4.0/go.mod h1:T8mJZnbsbmF+m6zOOFylbeCJqk5+pHWvzYPziyZiYoo=
github.com/jmespath/go-jmespath/internal/testify v1.5.1/go.mod h1:L3OGu8Wl2/fWfCI6z80xFu9LTZmf1ZRjMHUOPmWr69U=
github.com/julienschmidt/httprouter v1.3.0 h1:U0609e9tgbseu3rBINet9P48AI/D3oJs4dN7jwJOQ1U=
github.com/julienschmidt/httprouter v1.3.0/go.mod h1:JR6WtHb+2LUe8TCKY3cZOxFyyO8IZAc4RVcycCCAKdM=
github.com/lib/pq v1.9.0/go.mod h1:AlVN5x4E4T544tWzH6hKfbfQvm3HdbOxrmggDNAPY9o=
github.com/mattn/go-sqlite3 v1.14.6/go.mod h1:NyWgC/yNuGj7Q9rpYnZvas74GogHl5/Z4A/KQRfk6bU=
github.com/pmezard/go-difflib v1.0.0/go.mod h1:iKH77koFhYxTK1pcRnkKkqfTogsbg7gZNVY4sRDYZ/4=
github.com/stretchr/objx v0.1.0/go.mod h1:HFkY916IF+rwdDfMAkV7OtwuqBVzrE8GR6GFx+wExME=
github.com/vmihailenco/msgpack v3.3.3+incompatible/go.mod h1:fy3FlTQTDXWkZ7Bh6AcGMlsjHatGryHQYUTf1ShIgkk=
golang.org/x/crypto v0.0.0-20190308221718-c2843e01d9a2/go.mod h1:djNgcEr1/C05ACkg1iLfiJU5Ep61QUkGW8qpdssI0+w=
golang.org/x/crypto v0.0.0-20190325154230-a5d413f7728c/go.mod h1:djNgcEr1/C05ACkg1iLfiJU5Ep61QUkGW8qpdssI0+w=
golang.org/x/net v0.0.0-20190603091049-60506f45cf65/go.mod h1:HSz+uSET+XFnRR8LxR5pz3Of3rY3CfYBVs4xY44aLks=
golang.org/x/sys v0.0.0-20190215142949-d0b11bdaac8a/go.mod h1:STP8DvDyc/dI5b8T5hshtkjS+E42TnysNCUPdjciGhY=
golang.org/x/sys v0.0.0-20210630005230-0f9fa26af87c h1:F1jZWGFhYfh0Ci55sIpILtKKK8p3i2/krTr0H1rg74I=
golang.org/x/sys v0.0.0-20210630005230-0f9fa26af87c/go.mod h1:oPkhp1MJrh7nUepCBck5+mAzfO9JrbApNNgaTdGDITg=
golang.org/x/text v0.3.0/go.mod h1:NqM8EUOU14njkJ3fqMW+pc6Ldnwhi/IjpwHt7yyuwOQ=
golang.org/x/text v0.3.2/go.mod h1:bEr9sfX3Q8Zfm5fL9x+3itogRgK3+ptLWKqgva+5dAk=
golang.org/x/tools v0.0.0-20180917221912-90fa682c2a6e/go.mod h1:n7NCudcB/nEzxVGmLbDWY5pfWTLqBcC2KZ6jyYvM4mQ=
golang.org/x/xerrors v0.0.0-20191204190536-9bdfabe68543 h1:E7g+9GITq07hpfrRu66IVDexMakfv52eLZ2CXBWiKr4=
golang.org/x/xerrors v0.0.0-20191204190536-9bdfabe68543/go.mod h1:I/5z698sn9Ka8TeJc9MKroUUfqBBauWjQqLJ2OPfmY0=
google.golang.org/appengine v1.6.7/go.mod h1:8WjMMxjGQR8xUklV/ARdw2HLXBOI7O7uCIDZVag1xfc=
gopkg.in/check.v1 v0.0.0-20161208181325-20d25e280405/go.mod h1:Co6ibVJAznAaIkqp8huTwlJQCZ016jof/cbN4VW5Yz0=
gopkg.in/yaml.v2 v2.2.8/go.mod h1:hI93XBmqTisBFMUTm0b8Fm+jr3Dg1NNxqwp+5A1VGuI=
